
Microsoft Visual Studio Solution File, Format Version 12.00
# Visual Studio Version 16
VisualStudioVersion = 16.0.29201.188
MinimumVisualStudioVersion = 10.0.40219.1
Project("{FAE04EC0-301F-11D3-BF4B-00C04F79EFBC}") = "binaryTreeWebAPI", "binaryTreeWebAPI\binaryTreeWebAPI.csproj", "{61F3D672-D595-45AC-BC40-185D556FF266}"
EndProject
Global
	GlobalSection(SolutionConfigurationPlatforms) = preSolution
		Debug|Any CPU = Debug|Any CPU
		Release|Any CPU = Release|Any CPU
	EndGlobalSection
	GlobalSection(ProjectConfigurationPlatforms) = postSolution
		{61F3D672-D595-45AC-BC40-185D556FF266}.Debug|Any CPU.ActiveCfg = Debug|Any CPU
		{61F3D672-D595-45AC-BC40-185D556FF266}.Debug|Any CPU.Build.0 = Debug|Any CPU
		{61F3D672-D595-45AC-BC40-185D556FF266}.Release|Any CPU.ActiveCfg = Release|Any CPU
		{61F3D672-D595-45AC-BC40-185D556FF266}.Release|Any CPU.Build.0 = Release|Any CPU
	EndGlobalSection
	GlobalSection(SolutionProperties) = preSolution
		HideSolutionNode = FALSE
	EndGlobalSection
	GlobalSection(ExtensibilityGlobals) = postSolution
		SolutionGuid = {58065640-9555-43C7-B833-EEDC9BBA1F67}
	EndGlobalSection
EndGlobal
